
Microsoft Visual Studio Solution File, Format Version 12.00
# Visual Studio Version 17
VisualStudioVersion = 17.1.32210.238
MinimumVisualStudioVersion = 10.0.40219.1
Project("{FAE04EC0-301F-11D3-BF4B-00C04F79EFBC}") = "MoodAnalyserProblem", "MoodAnalyserProblem\MoodAnalyserProblem.csproj", "{EFF0A827-670D-433C-A02A-BB17DFCA1AC5}"
EndProject
Project("{FAE04EC0-301F-11D3-BF4B-00C04F79EFBC}") = "TestProject1", "TestProject1\TestProject1.csproj", "{D9F05EAB-ACD3-4444-8BC4-13C9577F606E}"
EndProject
Global
	GlobalSection(SolutionConfigurationPlatforms) = preSolution
		Debug|Any CPU = Debug|Any CPU
		Release|Any CPU = Release|Any CPU
	EndGlobalSection
	GlobalSection(ProjectConfigurationPlatforms) = postSolution
		{EFF0A827-670D-433C-A02A-BB17DFCA1AC5}.Debug|Any CPU.ActiveCfg = Debug|Any CPU
		{EFF0A827-670D-433C-A02A-BB17DFCA1AC5}.Debug|Any CPU.Build.0 = Debug|Any CPU
		{EFF0A827-670D-433C-A02A-BB17DFCA1AC5}.Release|Any CPU.ActiveCfg = Release|Any CPU
		{EFF0A827-670D-433C-A02A-BB17DFCA1AC5}.Release|Any CPU.Build.0 = Release|Any CPU
		{D9F05EAB-ACD3-4444-8BC4-13C9577F606E}.Debug|Any CPU.ActiveCfg = Debug|Any CPU
		{D9F05EAB-ACD3-4444-8BC4-13C9577F606E}.Debug|Any CPU.Build.0 = Debug|Any CPU
		{D9F05EAB-ACD3-4444-8BC4-13C9577F606E}.Release|Any CPU.ActiveCfg = Release|Any CPU
		{D9F05EAB-ACD3-4444-8BC4-13C9577F606E}.Release|Any CPU.Build.0 = Release|Any CPU
	EndGlobalSection
	GlobalSection(SolutionProperties) = preSolution
		HideSolutionNode = FALSE
	EndGlobalSection
	GlobalSection(ExtensibilityGlobals) = postSolution
		SolutionGuid = {FC1B2A60-1C6A-44C0-8003-CB08DB7B8966}
	EndGlobalSection
EndGlobal
